
Microsoft Visual Studio Solution File, Format Version 12.00
# Visual Studio Version 16
VisualStudioVersion = 16.0.31205.134
MinimumVisualStudioVersion = 10.0.40219.1
Project("{FAE04EC0-301F-11D3-BF4B-00C04F79EFBC}") = "LibraryManageWebsite", "LibraryManageWebsite\LibraryManageWebsite.csproj", "{2761E876-0E39-41D3-BFAF-14E35F33C488}"
EndProject
Global
	GlobalSection(SolutionConfigurationPlatforms) = preSolution
		Debug|Any CPU = Debug|Any CPU
		Release|Any CPU = Release|Any CPU
	EndGlobalSection
	GlobalSection(ProjectConfigurationPlatforms) = postSolution
		{2761E876-0E39-41D3-BFAF-14E35F33C488}.Debug|Any CPU.ActiveCfg = Debug|Any CPU
		{2761E876-0E39-41D3-BFAF-14E35F33C488}.Debug|Any CPU.Build.0 = Debug|Any CPU
		{2761E876-0E39-41D3-BFAF-14E35F33C488}.Release|Any CPU.ActiveCfg = Release|Any CPU
		{2761E876-0E39-41D3-BFAF-14E35F33C488}.Release|Any CPU.Build.0 = Release|Any CPU
	EndGlobalSection
	GlobalSection(SolutionProperties) = preSolution
		HideSolutionNode = FALSE
	EndGlobalSection
	GlobalSection(ExtensibilityGlobals) = postSolution
		SolutionGuid = {0872FEC4-313E-46F8-A049-4A105ED6FFB2}
	EndGlobalSection
EndGlobal
