
Microsoft Visual Studio Solution File, Format Version 12.00
# Visual Studio Version 16
VisualStudioVersion = 16.0.31205.134
MinimumVisualStudioVersion = 10.0.40219.1
Project("{FAE04EC0-301F-11D3-BF4B-00C04F79EFBC}") = "WindowsFormsApp1", "WindowsFormsApp1\WindowsFormsApp1.csproj", "{4A090BE2-3790-4CBF-A91D-E4A1E5047ADC}"
EndProject
Global
	GlobalSection(SolutionConfigurationPlatforms) = preSolution
		Debug|Any CPU = Debug|Any CPU
		Release|Any CPU = Release|Any CPU
	EndGlobalSection
	GlobalSection(ProjectConfigurationPlatforms) = postSolution
		{4A090BE2-3790-4CBF-A91D-E4A1E5047ADC}.Debug|Any CPU.ActiveCfg = Debug|Any CPU
		{4A090BE2-3790-4CBF-A91D-E4A1E5047ADC}.Debug|Any CPU.Build.0 = Debug|Any CPU
		{4A090BE2-3790-4CBF-A91D-E4A1E5047ADC}.Release|Any CPU.ActiveCfg = Release|Any CPU
		{4A090BE2-3790-4CBF-A91D-E4A1E5047ADC}.Release|Any CPU.Build.0 = Release|Any CPU
	EndGlobalSection
	GlobalSection(SolutionProperties) = preSolution
		HideSolutionNode = FALSE
	EndGlobalSection
	GlobalSection(ExtensibilityGlobals) = postSolution
		SolutionGuid = {056DBD0B-FF03-4DF3-91E7-134F046C2C85}
	EndGlobalSection
EndGlobal
